
Microsoft Visual Studio Solution File, Format Version 12.00
# Visual Studio Version 16
VisualStudioVersion = 16.0.30011.22
MinimumVisualStudioVersion = 10.0.40219.1
Project("{9A19103F-16F7-4668-BE54-9A1E7A4F7556}") = "YSKProje.UdemyJwtProje.Entities", "YSKProje.UdemyJwtProje.Entities\YSKProje.UdemyJwtProje.Entities.csproj", "{A7A46CF7-06F0-4E4D-A98A-9F783DA8B077}"
EndProject
Project("{9A19103F-16F7-4668-BE54-9A1E7A4F7556}") = "YSKProje.UdemyJwtProje.DataAccess", "YSKProje.UdemyJwtProje.DataAccess\YSKProje.UdemyJwtProje.DataAccess.csproj", "{516D881F-FCDE-420E-B784-201A790E3DF8}"
EndProject
Project("{FAE04EC0-301F-11D3-BF4B-00C04F79EFBC}") = "YSKProje.UdemyJwtProje.Business", "YSKProje.UdemyJwtProje.Business\YSKProje.UdemyJwtProje.Business.csproj", "{EB525D72-7500-4565-B7D1-7998FEB5846C}"
EndProject
Project("{FAE04EC0-301F-11D3-BF4B-00C04F79EFBC}") = "YSKProje.UdemyJwtProje.WebApi", "YSKProje.UdemyJwtProje.WebApi\YSKProje.UdemyJwtProje.WebApi.csproj", "{120A3F0F-06A4-42F5-8310-17865AFED467}"
EndProject
Global
	GlobalSection(SolutionConfigurationPlatforms) = preSolution
		Debug|Any CPU = Debug|Any CPU
		Release|Any CPU = Release|Any CPU
	EndGlobalSection
	GlobalSection(ProjectConfigurationPlatforms) = postSolution
		{A7A46CF7-06F0-4E4D-A98A-9F783DA8B077}.Debug|Any CPU.ActiveCfg = Debug|Any CPU
		{A7A46CF7-06F0-4E4D-A98A-9F783DA8B077}.Debug|Any CPU.Build.0 = Debug|Any CPU
		{A7A46CF7-06F0-4E4D-A98A-9F783DA8B077}.Release|Any CPU.ActiveCfg = Release|Any CPU
		{A7A46CF7-06F0-4E4D-A98A-9F783DA8B077}.Release|Any CPU.Build.0 = Release|Any CPU
		{516D881F-FCDE-420E-B784-201A790E3DF8}.Debug|Any CPU.ActiveCfg = Debug|Any CPU
		{516D881F-FCDE-420E-B784-201A790E3DF8}.Debug|Any CPU.Build.0 = Debug|Any CPU
		{516D881F-FCDE-420E-B784-201A790E3DF8}.Release|Any CPU.ActiveCfg = Release|Any CPU
		{516D881F-FCDE-420E-B784-201A790E3DF8}.Release|Any CPU.Build.0 = Release|Any CPU
		{EB525D72-7500-4565-B7D1-7998FEB5846C}.Debug|Any CPU.ActiveCfg = Debug|Any CPU
		{EB525D72-7500-4565-B7D1-7998FEB5846C}.Debug|Any CPU.Build.0 = Debug|Any CPU
		{EB525D72-7500-4565-B7D1-7998FEB5846C}.Release|Any CPU.ActiveCfg = Release|Any CPU
		{EB525D72-7500-4565-B7D1-7998FEB5846C}.Release|Any CPU.Build.0 = Release|Any CPU
		{120A3F0F-06A4-42F5-8310-17865AFED467}.Debug|Any CPU.ActiveCfg = Debug|Any CPU
		{120A3F0F-06A4-42F5-8310-17865AFED467}.Debug|Any CPU.Build.0 = Debug|Any CPU
		{120A3F0F-06A4-42F5-8310-17865AFED467}.Release|Any CPU.ActiveCfg = Release|Any CPU
		{120A3F0F-06A4-42F5-8310-17865AFED467}.Release|Any CPU.Build.0 = Release|Any CPU
	EndGlobalSection
	GlobalSection(SolutionProperties) = preSolution
		HideSolutionNode = FALSE
	EndGlobalSection
	GlobalSection(ExtensibilityGlobals) = postSolution
		SolutionGuid = {970C8D3C-A9E5-413B-A79F-AAF5A7EE715F}
	EndGlobalSection
EndGlobal
